
Microsoft Visual Studio Solution File, Format Version 12.00
# Visual Studio Version 17
VisualStudioVersion = 17.6.33723.286
MinimumVisualStudioVersion = 10.0.40219.1
Project("{9A19103F-16F7-4668-BE54-9A1E7A4F7556}") = "QuizApp.UI", "QuizApp.UI\QuizApp.UI.csproj", "{AF3BE212-A4E9-4404-9886-B6BAFCF00C3F}"
EndProject
Project("{FAE04EC0-301F-11D3-BF4B-00C04F79EFBC}") = "QuizApp.Model", "QuizApp.Model\QuizApp.Model.csproj", "{42E44195-D1A7-4688-98FB-65DEC0450EA5}"
EndProject
Project("{FAE04EC0-301F-11D3-BF4B-00C04F79EFBC}") = "QuizApp.Service", "QuizApp.Service\QuizApp.Service.csproj", "{0CA1A253-04F2-4ED7-A6A7-FEAE92921AFB}"
EndProject
Global
	GlobalSection(SolutionConfigurationPlatforms) = preSolution
		Debug|Any CPU = Debug|Any CPU
		Release|Any CPU = Release|Any CPU
	EndGlobalSection
	GlobalSection(ProjectConfigurationPlatforms) = postSolution
		{AF3BE212-A4E9-4404-9886-B6BAFCF00C3F}.Debug|Any CPU.ActiveCfg = Debug|Any CPU
		{AF3BE212-A4E9-4404-9886-B6BAFCF00C3F}.Debug|Any CPU.Build.0 = Debug|Any CPU
		{AF3BE212-A4E9-4404-9886-B6BAFCF00C3F}.Release|Any CPU.ActiveCfg = Release|Any CPU
		{AF3BE212-A4E9-4404-9886-B6BAFCF00C3F}.Release|Any CPU.Build.0 = Release|Any CPU
		{42E44195-D1A7-4688-98FB-65DEC0450EA5}.Debug|Any CPU.ActiveCfg = Debug|Any CPU
		{42E44195-D1A7-4688-98FB-65DEC0450EA5}.Debug|Any CPU.Build.0 = Debug|Any CPU
		{42E44195-D1A7-4688-98FB-65DEC0450EA5}.Release|Any CPU.ActiveCfg = Release|Any CPU
		{42E44195-D1A7-4688-98FB-65DEC0450EA5}.Release|Any CPU.Build.0 = Release|Any CPU
		{0CA1A253-04F2-4ED7-A6A7-FEAE92921AFB}.Debug|Any CPU.ActiveCfg = Debug|Any CPU
		{0CA1A253-04F2-4ED7-A6A7-FEAE92921AFB}.Debug|Any CPU.Build.0 = Debug|Any CPU
		{0CA1A253-04F2-4ED7-A6A7-FEAE92921AFB}.Release|Any CPU.ActiveCfg = Release|Any CPU
		{0CA1A253-04F2-4ED7-A6A7-FEAE92921AFB}.Release|Any CPU.Build.0 = Release|Any CPU
	EndGlobalSection
	GlobalSection(SolutionProperties) = preSolution
		HideSolutionNode = FALSE
	EndGlobalSection
	GlobalSection(ExtensibilityGlobals) = postSolution
		SolutionGuid = {D0C5F12E-1075-4968-B9B1-AC274C61C74D}
	EndGlobalSection
EndGlobal
